{
  "version": 4,
  "terraform_version": "1.7.5",
  "serial": 29,
  "lineage": "694e03a0-8bc2-311e-fba4-1d9d3dbd888a",
  "outputs": {
    "service_ip": {
      "value": "34.111.158.115",
      "type": "string"
    }
  },
  "resources": [
    {
      "mode": "data",
      "type": "http",
      "name": "myip",
      "provider": "provider[\"registry.terraform.io/hashicorp/http\"]",
      "instances": [
        {
          "schema_version": 0,
          "attributes": {
            "body": "94.66.136.238\n",
            "ca_cert_pem": null,
            "id": "http://ipv4.icanhazip.com",
            "insecure": null,
            "method": null,
            "request_body": null,
            "request_headers": null,
            "request_timeout_ms": null,
            "response_body": "94.66.136.238\n",
            "response_body_base64": "OTQuNjYuMTM2LjIzOAo=",
            "response_headers": {
              "Access-Control-Allow-Methods": "GET",
              "Access-Control-Allow-Origin": "*",
              "Alt-Svc": "h3=\":443\"; ma=86400",
              "Cf-Ray": "86f7e1755b016f37-ATH",
              "Connection": "keep-alive",
              "Content-Length": "14",
              "Content-Type": "text/plain",
              "Date": "Fri, 05 Apr 2024 07:38:48 GMT",
              "Server": "cloudflare",
              "Set-Cookie": "__cf_bm=frs9BGSEvGGul1nbImmJPF8.4qMR5JeL5IMmfnNNV2I-1712302728-1.0.1.1-qlzWZEuuFJmYrMruy_IPvdmtJHfqDp_ob3MSxFJO._xV9DOlyF1DW6WLzLa0dJ2s_r1DR53nlGcprO.Xsb9gRQ; path=/; expires=Fri, 05-Apr-24 08:08:48 GMT; domain=.icanhazip.com; HttpOnly; SameSite=None",
              "Vary": "Accept-Encoding"
            },
            "retry": null,
            "status_code": 200,
            "url": "http://ipv4.icanhazip.com"
          },
          "sensitive_attributes": []
        }
      ]
    },
    {
      "mode": "managed",
      "type": "google_cloud_run_service",
      "name": "run_service",
      "provider": "provider[\"registry.terraform.io/hashicorp/google\"]",
      "instances": [
        {
          "schema_version": 1,
          "attributes": {
            "autogenerate_revision_name": true,
            "id": "locations/us-west2/namespaces/massive-oasis-412719/services/mage",
            "location": "us-west2",
            "metadata": [
              {
                "annotations": {
                  "run.googleapis.com/ingress": "internal-and-cloud-load-balancing",
                  "run.googleapis.com/ingress-status": "internal-and-cloud-load-balancing",
                  "run.googleapis.com/operation-id": "3e0ddf06-b10f-44d8-9368-d8b6ccf453a3",
                  "serving.knative.dev/creator": "mouratosg@gmail.com",
                  "serving.knative.dev/lastModifier": "mouratosg@gmail.com"
                },
                "generation": 2,
                "labels": {
                  "cloud.googleapis.com/location": "us-west2"
                },
                "namespace": "massive-oasis-412719",
                "resource_version": "AAYVVJA7Pq8",
                "self_link": "/apis/serving.knative.dev/v1/namespaces/984516254970/services/mage",
                "uid": "8a25c444-1ec8-4674-ba97-903df16a6292"
              }
            ],
            "name": "mage",
            "project": "massive-oasis-412719",
            "status": [
              {
                "conditions": [
                  {
                    "message": "",
                    "reason": "",
                    "status": "True",
                    "type": "Ready"
                  },
                  {
                    "message": "",
                    "reason": "",
                    "status": "True",
                    "type": "ConfigurationsReady"
                  },
                  {
                    "message": "",
                    "reason": "",
                    "status": "True",
                    "type": "RoutesReady"
                  }
                ],
                "latest_created_revision_name": "mage-00001-pfj",
                "latest_ready_revision_name": "mage-00001-pfj",
                "observed_generation": 2,
                "traffic": [
                  {
                    "latest_revision": true,
                    "percent": 100,
                    "revision_name": "mage-00001-pfj",
                    "tag": "",
                    "url": ""
                  }
                ],
                "url": "https://mage-4liwb5tgzq-wl.a.run.app"
              }
            ],
            "template": [
              {
                "metadata": [
                  {
                    "annotations": {
                      "autoscaling.knative.dev/maxScale": "50",
                      "autoscaling.knative.dev/minScale": "1",
                      "run.googleapis.com/cloudsql-instances": "massive-oasis-412719:us-west2:mage-db-instance",
                      "run.googleapis.com/cpu-throttling": "false",
                      "run.googleapis.com/execution-environment": "gen2",
                      "run.googleapis.com/vpc-access-connector": "projects/massive-oasis-412719/locations/us-west2/connectors/mage-connector",
                      "run.googleapis.com/vpc-access-egress": "private-ranges-only"
                    },
                    "generation": 0,
                    "labels": {
                      "run.googleapis.com/startupProbeType": "Default"
                    },
                    "name": "",
                    "namespace": "",
                    "resource_version": "",
                    "self_link": "",
                    "uid": ""
                  }
                ],
                "spec": [
                  {
                    "container_concurrency": 80,
                    "containers": [
                      {
                        "args": [],
                        "command": [],
                        "env": [
                          {
                            "name": "FILESTORE_IP_ADDRESS",
                            "value": "10.152.114.234",
                            "value_from": []
                          },
                          {
                            "name": "FILE_SHARE_NAME",
                            "value": "share1",
                            "value_from": []
                          },
                          {
                            "name": "GCP_PROJECT_ID",
                            "value": "massive-oasis-412719",
                            "value_from": []
                          },
                          {
                            "name": "GCP_REGION",
                            "value": "us-west2",
                            "value_from": []
                          },
                          {
                            "name": "GCP_SERVICE_NAME",
                            "value": "mage",
                            "value_from": []
                          },
                          {
                            "name": "MAGE_DATABASE_CONNECTION_URL",
                            "value": "postgresql://mageuser:g30rg3_1986@/mage-db?host=/cloudsql/massive-oasis-412719:us-west2:mage-db-instance",
                            "value_from": []
                          },
                          {
                            "name": "ULIMIT_NO_FILE",
                            "value": "16384",
                            "value_from": []
                          }
                        ],
                        "env_from": [],
                        "image": "mageai/mageai:latest",
                        "liveness_probe": [],
                        "name": "",
                        "ports": [
                          {
                            "container_port": 6789,
                            "name": "http1",
                            "protocol": ""
                          }
                        ],
                        "resources": [
                          {
                            "limits": {
                              "cpu": "2000m",
                              "memory": "2G"
                            },
                            "requests": {}
                          }
                        ],
                        "startup_probe": [
                          {
                            "failure_threshold": 1,
                            "grpc": [],
                            "http_get": [],
                            "initial_delay_seconds": 0,
                            "period_seconds": 240,
                            "tcp_socket": [
                              {
                                "port": 6789
                              }
                            ],
                            "timeout_seconds": 240
                          }
                        ],
                        "volume_mounts": [],
                        "working_dir": ""
                      }
                    ],
                    "service_account_name": "984516254970-compute@developer.gserviceaccount.com",
                    "serving_state": "",
                    "timeout_seconds": 300,
                    "volumes": []
                  }
                ]
              }
            ],
            "timeouts": null,
            "traffic": [
              {
                "latest_revision": true,
                "percent": 100,
                "revision_name": "",
                "tag": "",
                "url": ""
              }
            ]
          },
          "sensitive_attributes": [
            [
              {
                "type": "get_attr",
                "value": "template"
              },
              {
                "type": "index",
                "value": {
                  "value": 0,
                  "type": "number"
                }
              },
              {
                "type": "get_attr",
                "value": "spec"
              },
              {
                "type": "index",
                "value": {
                  "value": 0,
                  "type": "number"
                }
              },
              {
                "type": "get_attr",
                "value": "containers"
              },
              {
                "type": "index",
                "value": {
                  "value": 0,
                  "type": "number"
                }
              },
              {
                "type": "get_attr",
                "value": "env"
              }
            ]
          ],
          "private": "eyJlMmJmYjczMC1lY2FhLTExZTYtOGY4OC0zNDM2M2JjN2M0YzAiOnsiY3JlYXRlIjoxMjAwMDAwMDAwMDAwLCJkZWxldGUiOjEyMDAwMDAwMDAwMDAsInVwZGF0ZSI6MTIwMDAwMDAwMDAwMH0sInNjaGVtYV92ZXJzaW9uIjoiMSJ9",
          "dependencies": [
            "google_filestore_instance.instance",
            "google_project_service.cloudrun",
            "google_sql_database_instance.instance",
            "google_vpc_access_connector.connector"
          ]
        }
      ]
    },
    {
      "mode": "managed",
      "type": "google_cloud_run_service_iam_member",
      "name": "run_all_users",
      "provider": "provider[\"registry.terraform.io/hashicorp/google\"]",
      "instances": [
        {
          "schema_version": 0,
          "attributes": {
            "condition": [],
            "etag": "BwYVQ6+bkY4=",
            "id": "v1/projects/massive-oasis-412719/locations/us-west2/services/mage/roles/run.invoker/allUsers",
            "location": "us-west2",
            "member": "allUsers",
            "project": "massive-oasis-412719",
            "role": "roles/run.invoker",
            "service": "v1/projects/massive-oasis-412719/locations/us-west2/services/mage"
          },
          "sensitive_attributes": [],
          "private": "bnVsbA==",
          "dependencies": [
            "google_cloud_run_service.run_service",
            "google_filestore_instance.instance",
            "google_project_service.cloudrun",
            "google_sql_database_instance.instance",
            "google_vpc_access_connector.connector"
          ]
        }
      ]
    },
    {
      "mode": "managed",
      "type": "google_compute_region_network_endpoint_group",
      "name": "cloudrun_neg",
      "provider": "provider[\"registry.terraform.io/hashicorp/google\"]",
      "instances": [
        {
          "schema_version": 0,
          "attributes": {
            "app_engine": [],
            "cloud_function": [],
            "cloud_run": [
              {
                "service": "mage",
                "tag": "",
                "url_mask": ""
              }
            ],
            "description": "",
            "id": "projects/massive-oasis-412719/regions/us-west2/networkEndpointGroups/mage-neg",
            "name": "mage-neg",
            "network": "",
            "network_endpoint_type": "SERVERLESS",
            "project": "massive-oasis-412719",
            "psc_target_service": "",
            "region": "https://www.googleapis.com/compute/v1/projects/massive-oasis-412719/regions/us-west2",
            "self_link": "https://www.googleapis.com/compute/v1/projects/massive-oasis-412719/regions/us-west2/networkEndpointGroups/mage-neg",
            "subnetwork": "",
            "timeouts": null
          },
          "sensitive_attributes": [],
          "private": "eyJlMmJmYjczMC1lY2FhLTExZTYtOGY4OC0zNDM2M2JjN2M0YzAiOnsiY3JlYXRlIjoxMjAwMDAwMDAwMDAwLCJkZWxldGUiOjEyMDAwMDAwMDAwMDB9fQ==",
          "dependencies": [
            "google_cloud_run_service.run_service",
            "google_filestore_instance.instance",
            "google_project_service.cloudrun",
            "google_sql_database_instance.instance",
            "google_vpc_access_connector.connector"
          ]
        }
      ]
    },
    {
      "mode": "managed",
      "type": "google_compute_security_policy",
      "name": "policy",
      "provider": "provider[\"registry.terraform.io/hashicorp/google\"]",
      "instances": [
        {
          "schema_version": 0,
          "attributes": {
            "adaptive_protection_config": [],
            "advanced_options_config": [],
            "description": "",
            "fingerprint": "ZBVoSltRCSs=",
            "id": "projects/massive-oasis-412719/global/securityPolicies/mage-security-policy",
            "name": "mage-security-policy",
            "project": "massive-oasis-412719",
            "recaptcha_options_config": [],
            "rule": [
              {
                "action": "allow",
                "description": "Whitelist IP",
                "header_action": [],
                "match": [
                  {
                    "config": [
                      {
                        "src_ip_ranges": [
                          "94.66.136.238/32"
                        ]
                      }
                    ],
                    "expr": [],
                    "versioned_expr": "SRC_IPS_V1"
                  }
                ],
                "preview": false,
                "priority": 100,
                "rate_limit_options": [],
                "redirect_options": []
              },
              {
                "action": "deny(403)",
                "description": "default rule",
                "header_action": [],
                "match": [
                  {
                    "config": [
                      {
                        "src_ip_ranges": [
                          "*"
                        ]
                      }
                    ],
                    "expr": [],
                    "versioned_expr": "SRC_IPS_V1"
                  }
                ],
                "preview": false,
                "priority": 2147483647,
                "rate_limit_options": [],
                "redirect_options": []
              }
            ],
            "self_link": "https://www.googleapis.com/compute/v1/projects/massive-oasis-412719/global/securityPolicies/mage-security-policy",
            "timeouts": null,
            "type": "CLOUD_ARMOR"
          },
          "sensitive_attributes": [],
          "private": "eyJlMmJmYjczMC1lY2FhLTExZTYtOGY4OC0zNDM2M2JjN2M0YzAiOnsiY3JlYXRlIjo0ODAwMDAwMDAwMDAsImRlbGV0ZSI6NDgwMDAwMDAwMDAwLCJ1cGRhdGUiOjQ4MDAwMDAwMDAwMH19",
          "dependencies": [
            "data.http.myip"
          ]
        }
      ]
    },
    {
      "mode": "managed",
      "type": "google_filestore_instance",
      "name": "instance",
      "provider": "provider[\"registry.terraform.io/hashicorp/google\"]",
      "instances": [
        {
          "schema_version": 1,
          "attributes": {
            "create_time": "2024-04-04T11:25:50.815181766Z",
            "description": "",
            "etag": "",
            "file_shares": [
              {
                "capacity_gb": 1024,
                "name": "share1",
                "nfs_export_options": [],
                "source_backup": ""
              }
            ],
            "id": "projects/massive-oasis-412719/locations/us-west2-a/instances/mage",
            "kms_key_name": "",
            "labels": {},
            "location": "us-west2-a",
            "name": "mage",
            "networks": [
              {
                "connect_mode": "DIRECT_PEERING",
                "ip_addresses": [
                  "10.152.114.234"
                ],
                "modes": [
                  "MODE_IPV4"
                ],
                "network": "default",
                "reserved_ip_range": ""
              }
            ],
            "project": "massive-oasis-412719",
            "tier": "BASIC_HDD",
            "timeouts": null,
            "zone": null
          },
          "sensitive_attributes": [],
          "private": "eyJlMmJmYjczMC1lY2FhLTExZTYtOGY4OC0zNDM2M2JjN2M0YzAiOnsiY3JlYXRlIjoxMjAwMDAwMDAwMDAwLCJkZWxldGUiOjEyMDAwMDAwMDAwMDAsInVwZGF0ZSI6MTIwMDAwMDAwMDAwMH0sInNjaGVtYV92ZXJzaW9uIjoiMSJ9"
        }
      ]
    },
    {
      "mode": "managed",
      "type": "google_project_service",
      "name": "artifactregistry",
      "provider": "provider[\"registry.terraform.io/hashicorp/google\"]",
      "instances": [
        {
          "schema_version": 0,
          "attributes": {
            "disable_dependent_services": null,
            "disable_on_destroy": false,
            "id": "massive-oasis-412719/artifactregistry.googleapis.com",
            "project": "massive-oasis-412719",
            "service": "artifactregistry.googleapis.com",
            "timeouts": null
          },
          "sensitive_attributes": [],
          "private": "eyJlMmJmYjczMC1lY2FhLTExZTYtOGY4OC0zNDM2M2JjN2M0YzAiOnsiY3JlYXRlIjoxMjAwMDAwMDAwMDAwLCJkZWxldGUiOjEyMDAwMDAwMDAwMDAsInJlYWQiOjYwMDAwMDAwMDAwMCwidXBkYXRlIjoxMjAwMDAwMDAwMDAwfX0="
        }
      ]
    },
    {
      "mode": "managed",
      "type": "google_project_service",
      "name": "cloudrun",
      "provider": "provider[\"registry.terraform.io/hashicorp/google\"]",
      "instances": [
        {
          "schema_version": 0,
          "attributes": {
            "disable_dependent_services": null,
            "disable_on_destroy": false,
            "id": "massive-oasis-412719/run.googleapis.com",
            "project": "massive-oasis-412719",
            "service": "run.googleapis.com",
            "timeouts": null
          },
          "sensitive_attributes": [],
          "private": "eyJlMmJmYjczMC1lY2FhLTExZTYtOGY4OC0zNDM2M2JjN2M0YzAiOnsiY3JlYXRlIjoxMjAwMDAwMDAwMDAwLCJkZWxldGUiOjEyMDAwMDAwMDAwMDAsInJlYWQiOjYwMDAwMDAwMDAwMCwidXBkYXRlIjoxMjAwMDAwMDAwMDAwfX0="
        }
      ]
    },
    {
      "mode": "managed",
      "type": "google_project_service",
      "name": "iam",
      "provider": "provider[\"registry.terraform.io/hashicorp/google\"]",
      "instances": [
        {
          "schema_version": 0,
          "attributes": {
            "disable_dependent_services": null,
            "disable_on_destroy": false,
            "id": "massive-oasis-412719/iam.googleapis.com",
            "project": "massive-oasis-412719",
            "service": "iam.googleapis.com",
            "timeouts": null
          },
          "sensitive_attributes": [],
          "private": "eyJlMmJmYjczMC1lY2FhLTExZTYtOGY4OC0zNDM2M2JjN2M0YzAiOnsiY3JlYXRlIjoxMjAwMDAwMDAwMDAwLCJkZWxldGUiOjEyMDAwMDAwMDAwMDAsInJlYWQiOjYwMDAwMDAwMDAwMCwidXBkYXRlIjoxMjAwMDAwMDAwMDAwfX0="
        }
      ]
    },
    {
      "mode": "managed",
      "type": "google_project_service",
      "name": "resourcemanager",
      "provider": "provider[\"registry.terraform.io/hashicorp/google\"]",
      "instances": [
        {
          "schema_version": 0,
          "attributes": {
            "disable_dependent_services": null,
            "disable_on_destroy": false,
            "id": "massive-oasis-412719/cloudresourcemanager.googleapis.com",
            "project": "massive-oasis-412719",
            "service": "cloudresourcemanager.googleapis.com",
            "timeouts": null
          },
          "sensitive_attributes": [],
          "private": "eyJlMmJmYjczMC1lY2FhLTExZTYtOGY4OC0zNDM2M2JjN2M0YzAiOnsiY3JlYXRlIjoxMjAwMDAwMDAwMDAwLCJkZWxldGUiOjEyMDAwMDAwMDAwMDAsInJlYWQiOjYwMDAwMDAwMDAwMCwidXBkYXRlIjoxMjAwMDAwMDAwMDAwfX0="
        }
      ]
    },
    {
      "mode": "managed",
      "type": "google_project_service",
      "name": "secretmanager",
      "provider": "provider[\"registry.terraform.io/hashicorp/google\"]",
      "instances": [
        {
          "schema_version": 0,
          "attributes": {
            "disable_dependent_services": null,
            "disable_on_destroy": false,
            "id": "massive-oasis-412719/secretmanager.googleapis.com",
            "project": "massive-oasis-412719",
            "service": "secretmanager.googleapis.com",
            "timeouts": null
          },
          "sensitive_attributes": [],
          "private": "eyJlMmJmYjczMC1lY2FhLTExZTYtOGY4OC0zNDM2M2JjN2M0YzAiOnsiY3JlYXRlIjoxMjAwMDAwMDAwMDAwLCJkZWxldGUiOjEyMDAwMDAwMDAwMDAsInJlYWQiOjYwMDAwMDAwMDAwMCwidXBkYXRlIjoxMjAwMDAwMDAwMDAwfX0="
        }
      ]
    },
    {
      "mode": "managed",
      "type": "google_project_service",
      "name": "sqladmin",
      "provider": "provider[\"registry.terraform.io/hashicorp/google\"]",
      "instances": [
        {
          "schema_version": 0,
          "attributes": {
            "disable_dependent_services": null,
            "disable_on_destroy": false,
            "id": "massive-oasis-412719/sqladmin.googleapis.com",
            "project": "massive-oasis-412719",
            "service": "sqladmin.googleapis.com",
            "timeouts": null
          },
          "sensitive_attributes": [],
          "private": "eyJlMmJmYjczMC1lY2FhLTExZTYtOGY4OC0zNDM2M2JjN2M0YzAiOnsiY3JlYXRlIjoxMjAwMDAwMDAwMDAwLCJkZWxldGUiOjEyMDAwMDAwMDAwMDAsInJlYWQiOjYwMDAwMDAwMDAwMCwidXBkYXRlIjoxMjAwMDAwMDAwMDAwfX0="
        }
      ]
    },
    {
      "mode": "managed",
      "type": "google_project_service",
      "name": "vpcaccess",
      "provider": "provider[\"registry.terraform.io/hashicorp/google\"]",
      "instances": [
        {
          "schema_version": 0,
          "attributes": {
            "disable_dependent_services": null,
            "disable_on_destroy": false,
            "id": "massive-oasis-412719/vpcaccess.googleapis.com",
            "project": "massive-oasis-412719",
            "service": "vpcaccess.googleapis.com",
            "timeouts": null
          },
          "sensitive_attributes": [],
          "private": "eyJlMmJmYjczMC1lY2FhLTExZTYtOGY4OC0zNDM2M2JjN2M0YzAiOnsiY3JlYXRlIjoxMjAwMDAwMDAwMDAwLCJkZWxldGUiOjEyMDAwMDAwMDAwMDAsInJlYWQiOjYwMDAwMDAwMDAwMCwidXBkYXRlIjoxMjAwMDAwMDAwMDAwfX0="
        }
      ]
    },
    {
      "mode": "managed",
      "type": "google_sql_database",
      "name": "database",
      "provider": "provider[\"registry.terraform.io/hashicorp/google\"]",
      "instances": [
        {
          "schema_version": 0,
          "attributes": {
            "charset": "UTF8",
            "collation": "en_US.UTF8",
            "deletion_policy": "DELETE",
            "id": "projects/massive-oasis-412719/instances/mage-db-instance/databases/mage-db",
            "instance": "mage-db-instance",
            "name": "mage-db",
            "project": "massive-oasis-412719",
            "self_link": "https://sqladmin.googleapis.com/sql/v1beta4/projects/massive-oasis-412719/instances/mage-db-instance/databases/mage-db",
            "timeouts": null
          },
          "sensitive_attributes": [],
          "private": "eyJlMmJmYjczMC1lY2FhLTExZTYtOGY4OC0zNDM2M2JjN2M0YzAiOnsiY3JlYXRlIjoxMjAwMDAwMDAwMDAwLCJkZWxldGUiOjEyMDAwMDAwMDAwMDAsInVwZGF0ZSI6MTIwMDAwMDAwMDAwMH19",
          "dependencies": [
            "google_sql_database_instance.instance"
          ]
        }
      ]
    },
    {
      "mode": "managed",
      "type": "google_sql_database_instance",
      "name": "instance",
      "provider": "provider[\"registry.terraform.io/hashicorp/google\"]",
      "instances": [
        {
          "schema_version": 0,
          "attributes": {
            "available_maintenance_versions": [],
            "clone": [],
            "connection_name": "massive-oasis-412719:us-west2:mage-db-instance",
            "database_version": "POSTGRES_14",
            "deletion_protection": false,
            "dns_name": "",
            "encryption_key_name": null,
            "first_ip_address": "34.94.156.21",
            "id": "mage-db-instance",
            "instance_type": "CLOUD_SQL_INSTANCE",
            "ip_address": [
              {
                "ip_address": "34.94.156.21",
                "time_to_retire": "",
                "type": "PRIMARY"
              },
              {
                "ip_address": "34.94.154.6",
                "time_to_retire": "",
                "type": "OUTGOING"
              }
            ],
            "maintenance_version": "POSTGRES_14_10.R20240130.00_07",
            "master_instance_name": "",
            "name": "mage-db-instance",
            "private_ip_address": "",
            "project": "massive-oasis-412719",
            "psc_service_attachment_link": "",
            "public_ip_address": "34.94.156.21",
            "region": "us-west2",
            "replica_configuration": [],
            "restore_backup_context": [],
            "root_password": null,
            "self_link": "https://sqladmin.googleapis.com/sql/v1beta4/projects/massive-oasis-412719/instances/mage-db-instance",
            "server_ca_cert": [
              {
                "cert": "-----BEGIN CERTIFICATE-----\nMIIDfzCCAmegAwIBAgIBADANBgkqhkiG9w0BAQsFADB3MS0wKwYDVQQuEyRhNGRm\nOTE5YS00YmMyLTRhOWMtOTM5ZC0wZGQ2MTFjZThjZGUxIzAhBgNVBAMTGkdvb2ds\nZSBDbG91ZCBTUUwgU2VydmVyIENBMRQwEgYDVQQKEwtHb29nbGUsIEluYzELMAkG\nA1UEBhMCVVMwHhcNMjQwNDA0MTEwNDQyWhcNMzQwNDAyMTEwNTQyWjB3MS0wKwYD\nVQQuEyRhNGRmOTE5YS00YmMyLTRhOWMtOTM5ZC0wZGQ2MTFjZThjZGUxIzAhBgNV\nBAMTGkdvb2dsZSBDbG91ZCBTUUwgU2VydmVyIENBMRQwEgYDVQQKEwtHb29nbGUs\nIEluYzELMAkGA1UEBhMCVVMwggEiMA0GCSqGSIb3DQEBAQUAA4IBDwAwggEKAoIB\nAQCFBmFRh4HIYv4bdJIkekydwCNiRG95iih+EFDaQqzkuCOeGNTqnyibcT6JYQUg\n7A3+7hZ0hhLoeQfLgyFwsFf/A6dalYVuFpknNxG27/YyKqtN/Ai2/rPDKWjedMf7\ncrb/hv+yv+wisQtzWBOW1+d9LNiH1rKYBUmGfip+a9LL9KF2fFO2r7xYdtku10Gz\nNC5L0im07TweefipNPXUS/PzbqrJ2jznrBqImFuvlLL84SzAcRN4t1d6x6LxutMt\nnZgLE+XoS+TxFjIibX/eWjberL+TjqPknzfSvUw9ycFvvoZJPP4C/oLDP3oZXR2Q\ncAZGpb9bDBWQRwRGsSq7v0uFAgMBAAGjFjAUMBIGA1UdEwEB/wQIMAYBAf8CAQAw\nDQYJKoZIhvcNAQELBQADggEBAGIdGFWnqSmQOUX3xL+5Hq3mFCqt0fa6NVrHc7cc\nmYat9T8uTXJNYNV2d/V6hGCX5aAhtuvzE6+IsMGcW7SyGq/a2m0EYyicOv6i0zp3\nrsleCVkb7EyIOGS8MNYDHMmA5HN6+OIcZU9sfyesVCXifuUvZw9Dv7Eq0Vh7VPkC\nIgsMGoJQjCN+1x/W262D8egqlFCZNtrDta6doqRvHIV4zGOZ+1kx6NZp5/BnQdlX\nwpb+wBvhINL3ZXjqgLFt6PDKk2GH7a6ArvdcWH8n1Hoha7yv552LYEUe2aNSkAk/\noo4PMU6i99+KfjvrPZp2moI4G1mblKzrJnTT9tz8IkOD+/s=\n-----END CERTIFICATE-----",
                "common_name": "C=US,O=Google\\, Inc,CN=Google Cloud SQL Server CA,dnQualifier=a4df919a-4bc2-4a9c-939d-0dd611ce8cde",
                "create_time": "2024-04-04T11:04:42.944Z",
                "expiration_time": "2034-04-02T11:05:42.944Z",
                "sha1_fingerprint": "afcb2b967f86b48955fbdf76b323826b4fafba3a"
              }
            ],
            "service_account_email_address": "p984516254970-8odkoe@gcp-sa-cloud-sql.iam.gserviceaccount.com",
            "settings": [
              {
                "activation_policy": "ALWAYS",
                "active_directory_config": [],
                "advanced_machine_features": [],
                "availability_type": "ZONAL",
                "backup_configuration": [
                  {
                    "backup_retention_settings": [
                      {
                        "retained_backups": 7,
                        "retention_unit": "COUNT"
                      }
                    ],
                    "binary_log_enabled": false,
                    "enabled": false,
                    "location": "",
                    "point_in_time_recovery_enabled": false,
                    "start_time": "00:00",
                    "transaction_log_retention_days": 7
                  }
                ],
                "collation": "",
                "connector_enforcement": "NOT_REQUIRED",
                "data_cache_config": [],
                "database_flags": [
                  {
                    "name": "max_connections",
                    "value": "50"
                  }
                ],
                "deletion_protection_enabled": false,
                "deny_maintenance_period": [],
                "disk_autoresize": true,
                "disk_autoresize_limit": 0,
                "disk_size": 10,
                "disk_type": "PD_SSD",
                "edition": "",
                "insights_config": [],
                "ip_configuration": [
                  {
                    "allocated_ip_range": "",
                    "authorized_networks": [],
                    "enable_private_path_for_google_cloud_services": false,
                    "ipv4_enabled": true,
                    "private_network": "",
                    "psc_config": [],
                    "require_ssl": false
                  }
                ],
                "location_preference": [
                  {
                    "follow_gae_application": "",
                    "secondary_zone": "",
                    "zone": "us-west2-a"
                  }
                ],
                "maintenance_window": [],
                "password_validation_policy": [],
                "pricing_plan": "PER_USE",
                "sql_server_audit_config": [],
                "tier": "db-f1-micro",
                "time_zone": "",
                "user_labels": {},
                "version": 2
              }
            ],
            "timeouts": null
          },
          "sensitive_attributes": [],
          "private": "eyJlMmJmYjczMC1lY2FhLTExZTYtOGY4OC0zNDM2M2JjN2M0YzAiOnsiY3JlYXRlIjoyNDAwMDAwMDAwMDAwLCJkZWxldGUiOjE4MDAwMDAwMDAwMDAsInVwZGF0ZSI6MTgwMDAwMDAwMDAwMH19"
        }
      ]
    },
    {
      "mode": "managed",
      "type": "google_sql_user",
      "name": "database-user",
      "provider": "provider[\"registry.terraform.io/hashicorp/google\"]",
      "instances": [
        {
          "schema_version": 1,
          "attributes": {
            "deletion_policy": null,
            "host": "",
            "id": "mageuser//mage-db-instance",
            "instance": "mage-db-instance",
            "name": "mageuser",
            "password": "g30rg3_1986",
            "password_policy": [],
            "project": "massive-oasis-412719",
            "sql_server_user_details": [],
            "timeouts": null,
            "type": ""
          },
          "sensitive_attributes": [
            [
              {
                "type": "get_attr",
                "value": "password"
              }
            ]
          ],
          "private": "eyJlMmJmYjczMC1lY2FhLTExZTYtOGY4OC0zNDM2M2JjN2M0YzAiOnsiY3JlYXRlIjo2MDAwMDAwMDAwMDAsImRlbGV0ZSI6NjAwMDAwMDAwMDAwLCJ1cGRhdGUiOjYwMDAwMDAwMDAwMH0sInNjaGVtYV92ZXJzaW9uIjoiMSJ9",
          "dependencies": [
            "google_sql_database_instance.instance"
          ]
        }
      ]
    },
    {
      "mode": "managed",
      "type": "google_vpc_access_connector",
      "name": "connector",
      "provider": "provider[\"registry.terraform.io/hashicorp/google\"]",
      "instances": [
        {
          "schema_version": 0,
          "attributes": {
            "connected_projects": [
              "massive-oasis-412719"
            ],
            "id": "projects/massive-oasis-412719/locations/us-west2/connectors/mage-connector",
            "ip_cidr_range": "10.8.0.0/28",
            "machine_type": "e2-micro",
            "max_instances": 3,
            "max_throughput": 300,
            "min_instances": 2,
            "min_throughput": 200,
            "name": "mage-connector",
            "network": "default",
            "project": "massive-oasis-412719",
            "region": "us-west2",
            "self_link": "projects/massive-oasis-412719/locations/us-west2/connectors/mage-connector",
            "state": "READY",
            "subnet": [],
            "timeouts": null
          },
          "sensitive_attributes": [],
          "private": "eyJlMmJmYjczMC1lY2FhLTExZTYtOGY4OC0zNDM2M2JjN2M0YzAiOnsiY3JlYXRlIjoxMjAwMDAwMDAwMDAwLCJkZWxldGUiOjEyMDAwMDAwMDAwMDB9fQ=="
        }
      ]
    },
    {
      "module": "module.lb-http",
      "mode": "managed",
      "type": "google_compute_backend_service",
      "name": "default",
      "provider": "provider[\"registry.terraform.io/hashicorp/google-beta\"]",
      "instances": [
        {
          "index_key": "default",
          "schema_version": 1,
          "attributes": {
            "affinity_cookie_ttl_sec": 0,
            "backend": [
              {
                "balancing_mode": "UTILIZATION",
                "capacity_scaler": 1,
                "description": "",
                "group": "https://www.googleapis.com/compute/v1/projects/massive-oasis-412719/regions/us-west2/networkEndpointGroups/mage-neg",
                "max_connections": 0,
                "max_connections_per_endpoint": 0,
                "max_connections_per_instance": 0,
                "max_rate": 0,
                "max_rate_per_endpoint": 0,
                "max_rate_per_instance": 0,
                "max_utilization": 0
              }
            ],
            "cdn_policy": [],
            "circuit_breakers": [],
            "compression_mode": "",
            "connection_draining_timeout_sec": 300,
            "consistent_hash": [],
            "creation_timestamp": "2024-04-04T04:31:55.234-07:00",
            "custom_request_headers": [],
            "custom_response_headers": [],
            "description": "",
            "edge_security_policy": "",
            "enable_cdn": false,
            "fingerprint": "s3q1asVjps4=",
            "generated_id": 2106387432619585860,
            "health_checks": [],
            "iap": [],
            "id": "projects/massive-oasis-412719/global/backendServices/mage-urlmap-backend-default",
            "load_balancing_scheme": "EXTERNAL",
            "locality_lb_policies": [],
            "locality_lb_policy": "",
            "log_config": [],
            "name": "mage-urlmap-backend-default",
            "outlier_detection": [],
            "port_name": "http",
            "project": "massive-oasis-412719",
            "protocol": "HTTP",
            "security_policy": "https://www.googleapis.com/compute/beta/projects/massive-oasis-412719/global/securityPolicies/mage-security-policy",
            "security_settings": [],
            "self_link": "https://www.googleapis.com/compute/v1/projects/massive-oasis-412719/global/backendServices/mage-urlmap-backend-default",
            "session_affinity": "NONE",
            "timeout_sec": 30,
            "timeouts": null
          },
          "sensitive_attributes": [],
          "private": "eyJlMmJmYjczMC1lY2FhLTExZTYtOGY4OC0zNDM2M2JjN2M0YzAiOnsiY3JlYXRlIjoxMjAwMDAwMDAwMDAwLCJkZWxldGUiOjEyMDAwMDAwMDAwMDAsInVwZGF0ZSI6MTIwMDAwMDAwMDAwMH0sInNjaGVtYV92ZXJzaW9uIjoiMSJ9",
          "dependencies": [
            "data.http.myip",
            "google_cloud_run_service.run_service",
            "google_compute_region_network_endpoint_group.cloudrun_neg",
            "google_compute_security_policy.policy",
            "google_filestore_instance.instance",
            "google_project_service.cloudrun",
            "google_sql_database_instance.instance",
            "google_vpc_access_connector.connector"
          ]
        }
      ]
    },
    {
      "module": "module.lb-http",
      "mode": "managed",
      "type": "google_compute_global_address",
      "name": "default",
      "provider": "provider[\"registry.terraform.io/hashicorp/google-beta\"]",
      "instances": [
        {
          "index_key": 0,
          "schema_version": 0,
          "attributes": {
            "address": "34.111.158.115",
            "address_type": "EXTERNAL",
            "creation_timestamp": "2024-04-04T04:03:56.455-07:00",
            "description": "",
            "id": "projects/massive-oasis-412719/global/addresses/mage-urlmap-address",
            "ip_version": "",
            "label_fingerprint": "tjR8I27v5HY=",
            "labels": {
              "example-label": "cloud-run-example"
            },
            "name": "mage-urlmap-address",
            "network": "",
            "prefix_length": 0,
            "project": "massive-oasis-412719",
            "purpose": "",
            "self_link": "https://www.googleapis.com/compute/v1/projects/massive-oasis-412719/global/addresses/mage-urlmap-address",
            "timeouts": null
          },
          "sensitive_attributes": [],
          "private": "eyJlMmJmYjczMC1lY2FhLTExZTYtOGY4OC0zNDM2M2JjN2M0YzAiOnsiY3JlYXRlIjoxMjAwMDAwMDAwMDAwLCJkZWxldGUiOjEyMDAwMDAwMDAwMDAsInVwZGF0ZSI6MTIwMDAwMDAwMDAwMH19"
        }
      ]
    },
    {
      "module": "module.lb-http",
      "mode": "managed",
      "type": "google_compute_global_forwarding_rule",
      "name": "http",
      "provider": "provider[\"registry.terraform.io/hashicorp/google-beta\"]",
      "instances": [
        {
          "index_key": 0,
          "schema_version": 0,
          "attributes": {
            "allow_psc_global_access": false,
            "base_forwarding_rule": "",
            "description": "",
            "id": "projects/massive-oasis-412719/global/forwardingRules/mage-urlmap",
            "ip_address": "34.111.158.115",
            "ip_protocol": "TCP",
            "ip_version": "",
            "label_fingerprint": "tjR8I27v5HY=",
            "labels": {
              "example-label": "cloud-run-example"
            },
            "load_balancing_scheme": "EXTERNAL",
            "metadata_filters": [],
            "name": "mage-urlmap",
            "network": "",
            "no_automate_dns_zone": null,
            "port_range": "80-80",
            "project": "massive-oasis-412719",
            "psc_connection_id": "",
            "psc_connection_status": "",
            "self_link": "https://www.googleapis.com/compute/v1/projects/massive-oasis-412719/global/forwardingRules/mage-urlmap",
            "source_ip_ranges": [],
            "subnetwork": "",
            "target": "https://www.googleapis.com/compute/beta/projects/massive-oasis-412719/global/targetHttpProxies/mage-urlmap-http-proxy",
            "timeouts": null
          },
          "sensitive_attributes": [],
          "private": "eyJlMmJmYjczMC1lY2FhLTExZTYtOGY4OC0zNDM2M2JjN2M0YzAiOnsiY3JlYXRlIjoxMjAwMDAwMDAwMDAwLCJkZWxldGUiOjEyMDAwMDAwMDAwMDAsInVwZGF0ZSI6MTIwMDAwMDAwMDAwMH19",
          "dependencies": [
            "data.http.myip",
            "google_cloud_run_service.run_service",
            "google_compute_region_network_endpoint_group.cloudrun_neg",
            "google_compute_security_policy.policy",
            "google_filestore_instance.instance",
            "google_project_service.cloudrun",
            "google_sql_database_instance.instance",
            "google_vpc_access_connector.connector",
            "module.lb-http.google_compute_backend_service.default",
            "module.lb-http.google_compute_global_address.default",
            "module.lb-http.google_compute_target_http_proxy.default",
            "module.lb-http.google_compute_url_map.default",
            "module.lb-http.google_compute_url_map.https_redirect"
          ]
        }
      ]
    },
    {
      "module": "module.lb-http",
      "mode": "managed",
      "type": "google_compute_target_http_proxy",
      "name": "default",
      "provider": "provider[\"registry.terraform.io/hashicorp/google\"]",
      "instances": [
        {
          "index_key": 0,
          "schema_version": 0,
          "attributes": {
            "creation_timestamp": "2024-04-04T04:32:40.176-07:00",
            "description": "",
            "http_keep_alive_timeout_sec": 0,
            "id": "projects/massive-oasis-412719/global/targetHttpProxies/mage-urlmap-http-proxy",
            "name": "mage-urlmap-http-proxy",
            "project": "massive-oasis-412719",
            "proxy_bind": false,
            "proxy_id": 5797379720033284407,
            "self_link": "https://www.googleapis.com/compute/v1/projects/massive-oasis-412719/global/targetHttpProxies/mage-urlmap-http-proxy",
            "timeouts": null,
            "url_map": "https://www.googleapis.com/compute/v1/projects/massive-oasis-412719/global/urlMaps/mage-urlmap-url-map"
          },
          "sensitive_attributes": [],
          "private": "eyJlMmJmYjczMC1lY2FhLTExZTYtOGY4OC0zNDM2M2JjN2M0YzAiOnsiY3JlYXRlIjoxMjAwMDAwMDAwMDAwLCJkZWxldGUiOjEyMDAwMDAwMDAwMDAsInVwZGF0ZSI6MTIwMDAwMDAwMDAwMH19",
          "dependencies": [
            "data.http.myip",
            "google_cloud_run_service.run_service",
            "google_compute_region_network_endpoint_group.cloudrun_neg",
            "google_compute_security_policy.policy",
            "google_filestore_instance.instance",
            "google_project_service.cloudrun",
            "google_sql_database_instance.instance",
            "google_vpc_access_connector.connector",
            "module.lb-http.google_compute_backend_service.default",
            "module.lb-http.google_compute_url_map.default",
            "module.lb-http.google_compute_url_map.https_redirect"
          ]
        }
      ]
    },
    {
      "module": "module.lb-http",
      "mode": "managed",
      "type": "google_compute_url_map",
      "name": "default",
      "provider": "provider[\"registry.terraform.io/hashicorp/google\"]",
      "instances": [
        {
          "index_key": 0,
          "schema_version": 0,
          "attributes": {
            "creation_timestamp": "2024-04-04T04:32:28.567-07:00",
            "default_route_action": [],
            "default_service": "https://www.googleapis.com/compute/v1/projects/massive-oasis-412719/global/backendServices/mage-urlmap-backend-default",
            "default_url_redirect": [],
            "description": "",
            "fingerprint": "vpdo-IYqI4Q=",
            "header_action": [],
            "host_rule": [],
            "id": "projects/massive-oasis-412719/global/urlMaps/mage-urlmap-url-map",
            "map_id": 596841109660053795,
            "name": "mage-urlmap-url-map",
            "path_matcher": [],
            "project": "massive-oasis-412719",
            "self_link": "https://www.googleapis.com/compute/v1/projects/massive-oasis-412719/global/urlMaps/mage-urlmap-url-map",
            "test": [],
            "timeouts": null
          },
          "sensitive_attributes": [],
          "private": "eyJlMmJmYjczMC1lY2FhLTExZTYtOGY4OC0zNDM2M2JjN2M0YzAiOnsiY3JlYXRlIjoxMjAwMDAwMDAwMDAwLCJkZWxldGUiOjEyMDAwMDAwMDAwMDAsInVwZGF0ZSI6MTIwMDAwMDAwMDAwMH19",
          "dependencies": [
            "data.http.myip",
            "google_cloud_run_service.run_service",
            "google_compute_region_network_endpoint_group.cloudrun_neg",
            "google_compute_security_policy.policy",
            "google_filestore_instance.instance",
            "google_project_service.cloudrun",
            "google_sql_database_instance.instance",
            "google_vpc_access_connector.connector",
            "module.lb-http.google_compute_backend_service.default"
          ]
        }
      ]
    }
  ],
  "check_results": null
}
